
Microsoft Visual Studio Solution File, Format Version 12.00
# Visual Studio 2012
Project("{FAE04EC0-301F-11D3-BF4B-00C04F79EFBC}") = "Store_Management", "Store_Management\Store_Management.csproj", "{27D27EC3-FBA3-43B7-A795-62D5DE42BE9A}"
EndProject
Global
	GlobalSection(SolutionConfigurationPlatforms) = preSolution
		Debug|Any CPU = Debug|Any CPU
		Release|Any CPU = Release|Any CPU
	EndGlobalSection
	GlobalSection(ProjectConfigurationPlatforms) = postSolution
		{27D27EC3-FBA3-43B7-A795-62D5DE42BE9A}.Debug|Any CPU.ActiveCfg = Debug|Any CPU
		{27D27EC3-FBA3-43B7-A795-62D5DE42BE9A}.Debug|Any CPU.Build.0 = Debug|Any CPU
		{27D27EC3-FBA3-43B7-A795-62D5DE42BE9A}.Release|Any CPU.ActiveCfg = Release|Any CPU
		{27D27EC3-FBA3-43B7-A795-62D5DE42BE9A}.Release|Any CPU.Build.0 = Release|Any CPU
	EndGlobalSection
	GlobalSection(SolutionProperties) = preSolution
		HideSolutionNode = FALSE
	EndGlobalSection
EndGlobal
